<?xml version="1.0" encoding="utf-8"?>
<Project ToolsVersion="18.0" xmlns="http://schemas.microsoft.com/developer/msbuild/2003">
  <ItemGroup>
    <ClCompile Include="C:\Users\tyrbu\Documents\Developments\2026\Flutter\Boojy Audio\engine\vst3sdk\public.sdk\samples\vst\hostchecker\source\editorsizecontroller.cpp">
      <Filter>Source Files</Filter>
    </ClCompile>
    <ClCompile Include="C:\Users\tyrbu\Documents\Developments\2026\Flutter\Boojy Audio\engine\vst3sdk\public.sdk\samples\vst\hostchecker\source\eventlistcheck.cpp">
      <Filter>Source Files</Filter>
    </ClCompile>
    <ClCompile Include="C:\Users\tyrbu\Documents\Developments\2026\Flutter\Boojy Audio\engine\vst3sdk\public.sdk\samples\vst\hostchecker\source\eventlogdatabrowsersource.cpp">
      <Filter>Source Files</Filter>
    </ClCompile>
    <ClCompile Include="C:\Users\tyrbu\Documents\Developments\2026\Flutter\Boojy Audio\engine\vst3sdk\public.sdk\samples\vst\hostchecker\source\eventlogger.cpp">
      <Filter>Source Files</Filter>
    </ClCompile>
    <ClCompile Include="C:\Users\tyrbu\Documents\Developments\2026\Flutter\Boojy Audio\engine\vst3sdk\public.sdk\samples\vst\hostchecker\source\factory.cpp">
      <Filter>Source Files</Filter>
    </ClCompile>
    <ClCompile Include="C:\Users\tyrbu\Documents\Developments\2026\Flutter\Boojy Audio\engine\vst3sdk\public.sdk\samples\vst\hostchecker\source\hostcheck.cpp">
      <Filter>Source Files</Filter>
    </ClCompile>
    <ClCompile Include="C:\Users\tyrbu\Documents\Developments\2026\Flutter\Boojy Audio\engine\vst3sdk\public.sdk\samples\vst\hostchecker\source\hostcheckercontroller.cpp">
      <Filter>Source Files</Filter>
    </ClCompile>
    <ClCompile Include="C:\Users\tyrbu\Documents\Developments\2026\Flutter\Boojy Audio\engine\vst3sdk\public.sdk\samples\vst\hostchecker\source\hostcheckerprocessor.cpp">
      <Filter>Source Files</Filter>
    </ClCompile>
    <ClCompile Include="C:\Users\tyrbu\Documents\Developments\2026\Flutter\Boojy Audio\engine\vst3sdk\public.sdk\samples\vst\hostchecker\source\parameterchangescheck.cpp">
      <Filter>Source Files</Filter>
    </ClCompile>
    <ClCompile Include="C:\Users\tyrbu\Documents\Developments\2026\Flutter\Boojy Audio\engine\vst3sdk\public.sdk\samples\vst\hostchecker\source\processcontextcheck.cpp">
      <Filter>Source Files</Filter>
    </ClCompile>
    <ClCompile Include="C:\Users\tyrbu\Documents\Developments\2026\Flutter\Boojy Audio\engine\vst3sdk\public.sdk\samples\vst\hostchecker\source\processsetupcheck.cpp">
      <Filter>Source Files</Filter>
    </ClCompile>
    <ClCompile Include="C:\Users\tyrbu\Documents\Developments\2026\Flutter\Boojy Audio\engine\vst3sdk\public.sdk\source\main\dllmain.cpp">
      <Filter>Source Files</Filter>
    </ClCompile>
  </ItemGroup>
  <ItemGroup>
    <ClInclude Include="C:\Users\tyrbu\Documents\Developments\2026\Flutter\Boojy Audio\engine\vst3sdk\public.sdk\samples\vst\hostchecker\source\cids.h">
      <Filter>Header Files</Filter>
    </ClInclude>
    <ClInclude Include="C:\Users\tyrbu\Documents\Developments\2026\Flutter\Boojy Audio\engine\vst3sdk\public.sdk\samples\vst\hostchecker\source\editorsizecontroller.h">
      <Filter>Header Files</Filter>
    </ClInclude>
    <ClInclude Include="C:\Users\tyrbu\Documents\Developments\2026\Flutter\Boojy Audio\engine\vst3sdk\public.sdk\samples\vst\hostchecker\source\eventlistcheck.h">
      <Filter>Header Files</Filter>
    </ClInclude>
    <ClInclude Include="C:\Users\tyrbu\Documents\Developments\2026\Flutter\Boojy Audio\engine\vst3sdk\public.sdk\samples\vst\hostchecker\source\eventlogdatabrowsersource.h">
      <Filter>Header Files</Filter>
    </ClInclude>
    <ClInclude Include="C:\Users\tyrbu\Documents\Developments\2026\Flutter\Boojy Audio\engine\vst3sdk\public.sdk\samples\vst\hostchecker\source\eventlogger.h">
      <Filter>Header Files</Filter>
    </ClInclude>
    <ClInclude Include="C:\Users\tyrbu\Documents\Developments\2026\Flutter\Boojy Audio\engine\vst3sdk\public.sdk\samples\vst\hostchecker\source\hostcheck.h">
      <Filter>Header Files</Filter>
    </ClInclude>
    <ClInclude Include="C:\Users\tyrbu\Documents\Developments\2026\Flutter\Boojy Audio\engine\vst3sdk\public.sdk\samples\vst\hostchecker\source\hostcheckercontroller.h">
      <Filter>Header Files</Filter>
    </ClInclude>
    <ClInclude Include="C:\Users\tyrbu\Documents\Developments\2026\Flutter\Boojy Audio\engine\vst3sdk\public.sdk\samples\vst\hostchecker\source\hostcheckerprocessor.h">
      <Filter>Header Files</Filter>
    </ClInclude>
    <ClInclude Include="C:\Users\tyrbu\Documents\Developments\2026\Flutter\Boojy Audio\engine\vst3sdk\public.sdk\samples\vst\hostchecker\source\logevents.h">
      <Filter>Header Files</Filter>
    </ClInclude>
    <ClInclude Include="C:\Users\tyrbu\Documents\Developments\2026\Flutter\Boojy Audio\engine\vst3sdk\public.sdk\samples\vst\hostchecker\source\parameterchangescheck.h">
      <Filter>Header Files</Filter>
    </ClInclude>
    <ClInclude Include="C:\Users\tyrbu\Documents\Developments\2026\Flutter\Boojy Audio\engine\vst3sdk\public.sdk\samples\vst\hostchecker\source\processcontextcheck.h">
      <Filter>Header Files</Filter>
    </ClInclude>
    <ClInclude Include="C:\Users\tyrbu\Documents\Developments\2026\Flutter\Boojy Audio\engine\vst3sdk\public.sdk\samples\vst\hostchecker\source\processsetupcheck.h">
      <Filter>Header Files</Filter>
    </ClInclude>
    <ClInclude Include="C:\Users\tyrbu\Documents\Developments\2026\Flutter\Boojy Audio\engine\vst3sdk\public.sdk\samples\vst\hostchecker\source\version.h">
      <Filter>Header Files</Filter>
    </ClInclude>
  </ItemGroup>
  <ItemGroup>
    <CustomBuild Include="C:\Users\tyrbu\Documents\Developments\2026\Flutter\Boojy Audio\engine\vst3sdk\public.sdk\samples\vst\hostchecker\resource\hostchecker.uidesc">
      <Filter>Contents\Resources</Filter>
    </CustomBuild>
    <CustomBuild Include="C:\Users\tyrbu\Documents\Developments\2026\Flutter\Boojy Audio\engine\vst3sdk\public.sdk\samples\vst\hostchecker\resource\bypass.png">
      <Filter>Contents\Resources</Filter>
    </CustomBuild>
    <CustomBuild Include="C:\Users\tyrbu\Documents\Developments\2026\Flutter\Boojy Audio\engine\vst3sdk\public.sdk\samples\vst\hostchecker\resource\knob.png">
      <Filter>Contents\Resources</Filter>
    </CustomBuild>
    <CustomBuild Include="C:\Users\tyrbu\Documents\Developments\2026\Flutter\Boojy Audio\engine\vst3sdk\public.sdk\samples\vst\hostchecker\CMakeLists.txt" />
  </ItemGroup>
  <ItemGroup>
    <ResourceCompile Include="C:\Users\tyrbu\Documents\Developments\2026\Flutter\Boojy Audio\engine\vst3sdk\public.sdk\samples\vst\hostchecker\resource\info.rc">
      <Filter>Source Files</Filter>
    </ResourceCompile>
  </ItemGroup>
  <ItemGroup>
    <Filter Include="Contents">
      <UniqueIdentifier>{9F22F5B5-90C3-309E-A6C5-32D5144992E7}</UniqueIdentifier>
    </Filter>
    <Filter Include="Contents\Resources">
      <UniqueIdentifier>{ED78B5E0-8039-3F77-B7CA-2DA02E9781FD}</UniqueIdentifier>
    </Filter>
    <Filter Include="Header Files">
      <UniqueIdentifier>{F5423445-62FC-3D08-BCC4-FA257269F067}</UniqueIdentifier>
    </Filter>
    <Filter Include="Source Files">
      <UniqueIdentifier>{E38566F5-5798-3E9B-B048-23EBEA49AEED}</UniqueIdentifier>
    </Filter>
  </ItemGroup>
</Project>
