<?xml version="1.0" encoding="utf-8"?>
<Project ToolsVersion="18.0" xmlns="http://schemas.microsoft.com/developer/msbuild/2003">
  <ItemGroup>
    <ClCompile Include="C:\Users\tyrbu\Documents\Developments\2026\Flutter\Boojy Audio\engine\vst3sdk\public.sdk\samples\vst\panner\source\plugfactory.cpp">
      <Filter>Source Files</Filter>
    </ClCompile>
    <ClCompile Include="C:\Users\tyrbu\Documents\Developments\2026\Flutter\Boojy Audio\engine\vst3sdk\public.sdk\samples\vst\panner\source\plugcontroller.cpp">
      <Filter>Source Files</Filter>
    </ClCompile>
    <ClCompile Include="C:\Users\tyrbu\Documents\Developments\2026\Flutter\Boojy Audio\engine\vst3sdk\public.sdk\samples\vst\panner\source\plugprocessor.cpp">
      <Filter>Source Files</Filter>
    </ClCompile>
    <ClCompile Include="C:\Users\tyrbu\Documents\Developments\2026\Flutter\Boojy Audio\engine\vst3sdk\public.sdk\source\main\dllmain.cpp">
      <Filter>Source Files</Filter>
    </ClCompile>
  </ItemGroup>
  <ItemGroup>
    <ClInclude Include="C:\Users\tyrbu\Documents\Developments\2026\Flutter\Boojy Audio\engine\vst3sdk\public.sdk\samples\vst\panner\include\plugcontroller.h">
      <Filter>Header Files</Filter>
    </ClInclude>
    <ClInclude Include="C:\Users\tyrbu\Documents\Developments\2026\Flutter\Boojy Audio\engine\vst3sdk\public.sdk\samples\vst\panner\include\plugids.h">
      <Filter>Header Files</Filter>
    </ClInclude>
    <ClInclude Include="C:\Users\tyrbu\Documents\Developments\2026\Flutter\Boojy Audio\engine\vst3sdk\public.sdk\samples\vst\panner\include\plugprocessor.h">
      <Filter>Header Files</Filter>
    </ClInclude>
    <ClInclude Include="C:\Users\tyrbu\Documents\Developments\2026\Flutter\Boojy Audio\engine\vst3sdk\public.sdk\samples\vst\panner\include\version.h">
      <Filter>Header Files</Filter>
    </ClInclude>
  </ItemGroup>
  <ItemGroup>
    <CustomBuild Include="C:\Users\tyrbu\Documents\Developments\2026\Flutter\Boojy Audio\engine\vst3sdk\public.sdk\samples\vst\panner\resource\plug.uidesc">
      <Filter>Contents\Resources</Filter>
    </CustomBuild>
    <CustomBuild Include="C:\Users\tyrbu\Documents\Developments\2026\Flutter\Boojy Audio\engine\vst3sdk\public.sdk\samples\vst\panner\resource\background.png">
      <Filter>Contents\Resources</Filter>
    </CustomBuild>
    <CustomBuild Include="C:\Users\tyrbu\Documents\Developments\2026\Flutter\Boojy Audio\engine\vst3sdk\public.sdk\samples\vst\panner\resource\animation_knob.png">
      <Filter>Contents\Resources</Filter>
    </CustomBuild>
    <CustomBuild Include="C:\Users\tyrbu\Documents\Developments\2026\Flutter\Boojy Audio\engine\vst3sdk\public.sdk\samples\vst\panner\resource\background_2x.png">
      <Filter>Contents\Resources</Filter>
    </CustomBuild>
    <CustomBuild Include="C:\Users\tyrbu\Documents\Developments\2026\Flutter\Boojy Audio\engine\vst3sdk\public.sdk\samples\vst\panner\resource\background_3x.png">
      <Filter>Contents\Resources</Filter>
    </CustomBuild>
    <CustomBuild Include="C:\Users\tyrbu\Documents\Developments\2026\Flutter\Boojy Audio\engine\vst3sdk\public.sdk\samples\vst\panner\resource\animation_knob_3x.png">
      <Filter>Contents\Resources</Filter>
    </CustomBuild>
    <CustomBuild Include="C:\Users\tyrbu\Documents\Developments\2026\Flutter\Boojy Audio\engine\vst3sdk\public.sdk\samples\vst\panner\resource\A2EAF7DB320640F48EDE380DDF89562C_snapshot.png">
      <Filter>Contents\Resources\Snapshots</Filter>
    </CustomBuild>
    <CustomBuild Include="C:\Users\tyrbu\Documents\Developments\2026\Flutter\Boojy Audio\engine\vst3sdk\public.sdk\samples\vst\panner\resource\A2EAF7DB320640F48EDE380DDF89562C_snapshot_2.0x.png">
      <Filter>Contents\Resources\Snapshots</Filter>
    </CustomBuild>
    <CustomBuild Include="C:\Users\tyrbu\Documents\Developments\2026\Flutter\Boojy Audio\engine\vst3sdk\public.sdk\samples\vst\panner\CMakeLists.txt" />
  </ItemGroup>
  <ItemGroup>
    <ResourceCompile Include="C:\Users\tyrbu\Documents\Developments\2026\Flutter\Boojy Audio\engine\vst3sdk\public.sdk\samples\vst\panner\resource\info.rc">
      <Filter>Source Files</Filter>
    </ResourceCompile>
  </ItemGroup>
  <ItemGroup>
    <Filter Include="Contents">
      <UniqueIdentifier>{9F22F5B5-90C3-309E-A6C5-32D5144992E7}</UniqueIdentifier>
    </Filter>
    <Filter Include="Contents\Resources">
      <UniqueIdentifier>{ED78B5E0-8039-3F77-B7CA-2DA02E9781FD}</UniqueIdentifier>
    </Filter>
    <Filter Include="Contents\Resources\Snapshots">
      <UniqueIdentifier>{57F141C3-62FC-3067-9F1F-8247353F5F70}</UniqueIdentifier>
    </Filter>
    <Filter Include="Header Files">
      <UniqueIdentifier>{F5423445-62FC-3D08-BCC4-FA257269F067}</UniqueIdentifier>
    </Filter>
    <Filter Include="Source Files">
      <UniqueIdentifier>{E38566F5-5798-3E9B-B048-23EBEA49AEED}</UniqueIdentifier>
    </Filter>
  </ItemGroup>
</Project>
