<?xml version="1.0" encoding="utf-8"?>
<Project ToolsVersion="18.0" xmlns="http://schemas.microsoft.com/developer/msbuild/2003">
  <ItemGroup>
    <ClCompile Include="C:\Users\tyrbu\Documents\Developments\2026\Flutter\Boojy Audio\engine\vst3sdk\vstgui4\vstgui\standalone\source\application.cpp">
      <Filter>source</Filter>
    </ClCompile>
    <ClCompile Include="C:\Users\tyrbu\Documents\Developments\2026\Flutter\Boojy Audio\engine\vst3sdk\vstgui4\vstgui\standalone\source\async.cpp">
      <Filter>source</Filter>
    </ClCompile>
    <ClCompile Include="C:\Users\tyrbu\Documents\Developments\2026\Flutter\Boojy Audio\engine\vst3sdk\vstgui4\vstgui\standalone\source\genericalertbox.cpp">
      <Filter>source</Filter>
    </ClCompile>
    <ClCompile Include="C:\Users\tyrbu\Documents\Developments\2026\Flutter\Boojy Audio\engine\vst3sdk\vstgui4\vstgui\standalone\source\shareduiresources.cpp">
      <Filter>source</Filter>
    </ClCompile>
    <ClCompile Include="C:\Users\tyrbu\Documents\Developments\2026\Flutter\Boojy Audio\engine\vst3sdk\vstgui4\vstgui\standalone\source\uidescriptionwindowcontroller.cpp">
      <Filter>source</Filter>
    </ClCompile>
    <ClCompile Include="C:\Users\tyrbu\Documents\Developments\2026\Flutter\Boojy Audio\engine\vst3sdk\vstgui4\vstgui\standalone\source\window.cpp">
      <Filter>source</Filter>
    </ClCompile>
    <ClCompile Include="C:\Users\tyrbu\Documents\Developments\2026\Flutter\Boojy Audio\engine\vst3sdk\vstgui4\vstgui\standalone\source\helpers\value.cpp">
      <Filter>source\helpers</Filter>
    </ClCompile>
    <ClCompile Include="C:\Users\tyrbu\Documents\Developments\2026\Flutter\Boojy Audio\engine\vst3sdk\vstgui4\vstgui\standalone\source\platform\win32\win32application.cpp">
      <Filter>source\platform\win32</Filter>
    </ClCompile>
    <ClCompile Include="C:\Users\tyrbu\Documents\Developments\2026\Flutter\Boojy Audio\engine\vst3sdk\vstgui4\vstgui\standalone\source\platform\win32\win32commondirectories.cpp">
      <Filter>source\platform\win32</Filter>
    </ClCompile>
    <ClCompile Include="C:\Users\tyrbu\Documents\Developments\2026\Flutter\Boojy Audio\engine\vst3sdk\vstgui4\vstgui\standalone\source\platform\win32\win32menu.cpp">
      <Filter>source\platform\win32</Filter>
    </ClCompile>
    <ClCompile Include="C:\Users\tyrbu\Documents\Developments\2026\Flutter\Boojy Audio\engine\vst3sdk\vstgui4\vstgui\standalone\source\platform\win32\win32preference.cpp">
      <Filter>source\platform\win32</Filter>
    </ClCompile>
    <ClCompile Include="C:\Users\tyrbu\Documents\Developments\2026\Flutter\Boojy Audio\engine\vst3sdk\vstgui4\vstgui\standalone\source\platform\win32\win32window.cpp">
      <Filter>source\platform\win32</Filter>
    </ClCompile>
  </ItemGroup>
  <ItemGroup>
    <ClInclude Include="C:\Users\tyrbu\Documents\Developments\2026\Flutter\Boojy Audio\engine\vst3sdk\vstgui4\vstgui\standalone\include\appinit.h">
      <Filter>include</Filter>
    </ClInclude>
    <ClInclude Include="C:\Users\tyrbu\Documents\Developments\2026\Flutter\Boojy Audio\engine\vst3sdk\vstgui4\vstgui\standalone\include\doc.h">
      <Filter>include</Filter>
    </ClInclude>
    <ClInclude Include="C:\Users\tyrbu\Documents\Developments\2026\Flutter\Boojy Audio\engine\vst3sdk\vstgui4\vstgui\standalone\include\fwd.h">
      <Filter>include</Filter>
    </ClInclude>
    <ClInclude Include="C:\Users\tyrbu\Documents\Developments\2026\Flutter\Boojy Audio\engine\vst3sdk\vstgui4\vstgui\standalone\include\ialertbox.h">
      <Filter>include</Filter>
    </ClInclude>
    <ClInclude Include="C:\Users\tyrbu\Documents\Developments\2026\Flutter\Boojy Audio\engine\vst3sdk\vstgui4\vstgui\standalone\include\iappdelegate.h">
      <Filter>include</Filter>
    </ClInclude>
    <ClInclude Include="C:\Users\tyrbu\Documents\Developments\2026\Flutter\Boojy Audio\engine\vst3sdk\vstgui4\vstgui\standalone\include\iapplication.h">
      <Filter>include</Filter>
    </ClInclude>
    <ClInclude Include="C:\Users\tyrbu\Documents\Developments\2026\Flutter\Boojy Audio\engine\vst3sdk\vstgui4\vstgui\standalone\include\iasync.h">
      <Filter>include</Filter>
    </ClInclude>
    <ClInclude Include="C:\Users\tyrbu\Documents\Developments\2026\Flutter\Boojy Audio\engine\vst3sdk\vstgui4\vstgui\standalone\include\icommand.h">
      <Filter>include</Filter>
    </ClInclude>
    <ClInclude Include="C:\Users\tyrbu\Documents\Developments\2026\Flutter\Boojy Audio\engine\vst3sdk\vstgui4\vstgui\standalone\include\icommondirectories.h">
      <Filter>include</Filter>
    </ClInclude>
    <ClInclude Include="C:\Users\tyrbu\Documents\Developments\2026\Flutter\Boojy Audio\engine\vst3sdk\vstgui4\vstgui\standalone\include\imenubuilder.h">
      <Filter>include</Filter>
    </ClInclude>
    <ClInclude Include="C:\Users\tyrbu\Documents\Developments\2026\Flutter\Boojy Audio\engine\vst3sdk\vstgui4\vstgui\standalone\include\interface.h">
      <Filter>include</Filter>
    </ClInclude>
    <ClInclude Include="C:\Users\tyrbu\Documents\Developments\2026\Flutter\Boojy Audio\engine\vst3sdk\vstgui4\vstgui\standalone\include\ipreference.h">
      <Filter>include</Filter>
    </ClInclude>
    <ClInclude Include="C:\Users\tyrbu\Documents\Developments\2026\Flutter\Boojy Audio\engine\vst3sdk\vstgui4\vstgui\standalone\include\ishareduiresources.h">
      <Filter>include</Filter>
    </ClInclude>
    <ClInclude Include="C:\Users\tyrbu\Documents\Developments\2026\Flutter\Boojy Audio\engine\vst3sdk\vstgui4\vstgui\standalone\include\iuidescwindow.h">
      <Filter>include</Filter>
    </ClInclude>
    <ClInclude Include="C:\Users\tyrbu\Documents\Developments\2026\Flutter\Boojy Audio\engine\vst3sdk\vstgui4\vstgui\standalone\include\ivalue.h">
      <Filter>include</Filter>
    </ClInclude>
    <ClInclude Include="C:\Users\tyrbu\Documents\Developments\2026\Flutter\Boojy Audio\engine\vst3sdk\vstgui4\vstgui\standalone\include\ivaluelistener.h">
      <Filter>include</Filter>
    </ClInclude>
    <ClInclude Include="C:\Users\tyrbu\Documents\Developments\2026\Flutter\Boojy Audio\engine\vst3sdk\vstgui4\vstgui\standalone\include\iwindow.h">
      <Filter>include</Filter>
    </ClInclude>
    <ClInclude Include="C:\Users\tyrbu\Documents\Developments\2026\Flutter\Boojy Audio\engine\vst3sdk\vstgui4\vstgui\standalone\include\iwindowcontroller.h">
      <Filter>include</Filter>
    </ClInclude>
    <ClInclude Include="C:\Users\tyrbu\Documents\Developments\2026\Flutter\Boojy Audio\engine\vst3sdk\vstgui4\vstgui\standalone\include\iwindowlistener.h">
      <Filter>include</Filter>
    </ClInclude>
    <ClInclude Include="C:\Users\tyrbu\Documents\Developments\2026\Flutter\Boojy Audio\engine\vst3sdk\vstgui4\vstgui\standalone\include\helpers\appdelegate.h">
      <Filter>include\helpers</Filter>
    </ClInclude>
    <ClInclude Include="C:\Users\tyrbu\Documents\Developments\2026\Flutter\Boojy Audio\engine\vst3sdk\vstgui4\vstgui\standalone\include\helpers\async.h">
      <Filter>include\helpers</Filter>
    </ClInclude>
    <ClInclude Include="C:\Users\tyrbu\Documents\Developments\2026\Flutter\Boojy Audio\engine\vst3sdk\vstgui4\vstgui\standalone\include\helpers\menubuilder.h">
      <Filter>include\helpers</Filter>
    </ClInclude>
    <ClInclude Include="C:\Users\tyrbu\Documents\Developments\2026\Flutter\Boojy Audio\engine\vst3sdk\vstgui4\vstgui\standalone\include\helpers\preferences.h">
      <Filter>include\helpers</Filter>
    </ClInclude>
    <ClInclude Include="C:\Users\tyrbu\Documents\Developments\2026\Flutter\Boojy Audio\engine\vst3sdk\vstgui4\vstgui\standalone\include\helpers\value.h">
      <Filter>include\helpers</Filter>
    </ClInclude>
    <ClInclude Include="C:\Users\tyrbu\Documents\Developments\2026\Flutter\Boojy Audio\engine\vst3sdk\vstgui4\vstgui\standalone\include\helpers\valuelistener.h">
      <Filter>include\helpers</Filter>
    </ClInclude>
    <ClInclude Include="C:\Users\tyrbu\Documents\Developments\2026\Flutter\Boojy Audio\engine\vst3sdk\vstgui4\vstgui\standalone\include\helpers\windowcontroller.h">
      <Filter>include\helpers</Filter>
    </ClInclude>
    <ClInclude Include="C:\Users\tyrbu\Documents\Developments\2026\Flutter\Boojy Audio\engine\vst3sdk\vstgui4\vstgui\standalone\include\helpers\windowlistener.h">
      <Filter>include\helpers</Filter>
    </ClInclude>
    <ClInclude Include="C:\Users\tyrbu\Documents\Developments\2026\Flutter\Boojy Audio\engine\vst3sdk\vstgui4\vstgui\standalone\include\helpers\uidesc\modelbinding.h">
      <Filter>include\helpers\uidesc</Filter>
    </ClInclude>
    <ClInclude Include="C:\Users\tyrbu\Documents\Developments\2026\Flutter\Boojy Audio\engine\vst3sdk\vstgui4\vstgui\standalone\include\helpers\uidesc\customization.h">
      <Filter>include\helpers\uidesc</Filter>
    </ClInclude>
    <ClInclude Include="C:\Users\tyrbu\Documents\Developments\2026\Flutter\Boojy Audio\engine\vst3sdk\vstgui4\vstgui\standalone\source\application.h">
      <Filter>source</Filter>
    </ClInclude>
    <ClInclude Include="C:\Users\tyrbu\Documents\Developments\2026\Flutter\Boojy Audio\engine\vst3sdk\vstgui4\vstgui\standalone\source\genericalertbox.h">
      <Filter>source</Filter>
    </ClInclude>
    <ClInclude Include="C:\Users\tyrbu\Documents\Developments\2026\Flutter\Boojy Audio\engine\vst3sdk\vstgui4\vstgui\standalone\source\shareduiresources.h">
      <Filter>source</Filter>
    </ClInclude>
    <ClInclude Include="C:\Users\tyrbu\Documents\Developments\2026\Flutter\Boojy Audio\engine\vst3sdk\vstgui4\vstgui\standalone\source\window.h">
      <Filter>source</Filter>
    </ClInclude>
    <ClInclude Include="C:\Users\tyrbu\Documents\Developments\2026\Flutter\Boojy Audio\engine\vst3sdk\vstgui4\vstgui\standalone\source\platform\iplatformwindow.h">
      <Filter>source\platform</Filter>
    </ClInclude>
    <ClInclude Include="C:\Users\tyrbu\Documents\Developments\2026\Flutter\Boojy Audio\engine\vst3sdk\vstgui4\vstgui\standalone\source\platform\win32\win32commondirectories.h">
      <Filter>source\platform\win32</Filter>
    </ClInclude>
    <ClInclude Include="C:\Users\tyrbu\Documents\Developments\2026\Flutter\Boojy Audio\engine\vst3sdk\vstgui4\vstgui\standalone\source\platform\win32\win32menu.h">
      <Filter>source\platform\win32</Filter>
    </ClInclude>
    <ClInclude Include="C:\Users\tyrbu\Documents\Developments\2026\Flutter\Boojy Audio\engine\vst3sdk\vstgui4\vstgui\standalone\source\platform\win32\win32preference.h">
      <Filter>source\platform\win32</Filter>
    </ClInclude>
    <ClInclude Include="C:\Users\tyrbu\Documents\Developments\2026\Flutter\Boojy Audio\engine\vst3sdk\vstgui4\vstgui\standalone\source\platform\win32\win32window.h">
      <Filter>source\platform\win32</Filter>
    </ClInclude>
  </ItemGroup>
  <ItemGroup>
    <CustomBuild Include="C:\Users\tyrbu\Documents\Developments\2026\Flutter\Boojy Audio\engine\vst3sdk\vstgui4\vstgui\standalone\CMakeLists.txt" />
  </ItemGroup>
  <ItemGroup>
    <Filter Include="include">
      <UniqueIdentifier>{3D94CDAA-B23F-33F0-8B1D-9EB786DAAC01}</UniqueIdentifier>
    </Filter>
    <Filter Include="include\helpers">
      <UniqueIdentifier>{44C4AB95-5193-3DB2-A25C-44992A14A574}</UniqueIdentifier>
    </Filter>
    <Filter Include="include\helpers\uidesc">
      <UniqueIdentifier>{DF528379-3647-31F2-A692-EB53D2FB0E60}</UniqueIdentifier>
    </Filter>
    <Filter Include="source">
      <UniqueIdentifier>{94F74140-FFF8-32F1-98F4-AAF0FCF4E204}</UniqueIdentifier>
    </Filter>
    <Filter Include="source\helpers">
      <UniqueIdentifier>{4DE77900-7736-38DD-B740-4E3D4B358CD4}</UniqueIdentifier>
    </Filter>
    <Filter Include="source\platform">
      <UniqueIdentifier>{AD2850A6-1101-3EF5-BF1F-290E6F184EAB}</UniqueIdentifier>
    </Filter>
    <Filter Include="source\platform\win32">
      <UniqueIdentifier>{CAD784B2-B2AE-35E8-9961-0F553DBEABA8}</UniqueIdentifier>
    </Filter>
  </ItemGroup>
</Project>
