<?xml version="1.0" encoding="utf-8"?>
<Project ToolsVersion="18.0" xmlns="http://schemas.microsoft.com/developer/msbuild/2003">
  <ItemGroup>
    <ClCompile Include="C:\Users\tyrbu\Documents\Developments\2026\Flutter\Boojy Audio\engine\vst3sdk\public.sdk\samples\vst\multiple_programchanges\source\plug.cpp">
      <Filter>Source Files</Filter>
    </ClCompile>
    <ClCompile Include="C:\Users\tyrbu\Documents\Developments\2026\Flutter\Boojy Audio\engine\vst3sdk\public.sdk\samples\vst\multiple_programchanges\source\plugcontroller.cpp">
      <Filter>Source Files</Filter>
    </ClCompile>
    <ClCompile Include="C:\Users\tyrbu\Documents\Developments\2026\Flutter\Boojy Audio\engine\vst3sdk\public.sdk\samples\vst\multiple_programchanges\source\plugentry.cpp">
      <Filter>Source Files</Filter>
    </ClCompile>
    <ClCompile Include="C:\Users\tyrbu\Documents\Developments\2026\Flutter\Boojy Audio\engine\vst3sdk\public.sdk\source\main\dllmain.cpp">
      <Filter>Source Files</Filter>
    </ClCompile>
  </ItemGroup>
  <ItemGroup>
    <ClInclude Include="C:\Users\tyrbu\Documents\Developments\2026\Flutter\Boojy Audio\engine\vst3sdk\public.sdk\samples\vst\multiple_programchanges\source\plug.h">
      <Filter>Header Files</Filter>
    </ClInclude>
    <ClInclude Include="C:\Users\tyrbu\Documents\Developments\2026\Flutter\Boojy Audio\engine\vst3sdk\public.sdk\samples\vst\multiple_programchanges\source\plugcids.h">
      <Filter>Header Files</Filter>
    </ClInclude>
    <ClInclude Include="C:\Users\tyrbu\Documents\Developments\2026\Flutter\Boojy Audio\engine\vst3sdk\public.sdk\samples\vst\multiple_programchanges\source\plugcontroller.h">
      <Filter>Header Files</Filter>
    </ClInclude>
    <ClInclude Include="C:\Users\tyrbu\Documents\Developments\2026\Flutter\Boojy Audio\engine\vst3sdk\public.sdk\samples\vst\multiple_programchanges\source\plugparamids.h">
      <Filter>Header Files</Filter>
    </ClInclude>
    <ClInclude Include="C:\Users\tyrbu\Documents\Developments\2026\Flutter\Boojy Audio\engine\vst3sdk\public.sdk\samples\vst\multiple_programchanges\source\version.h">
      <Filter>Header Files</Filter>
    </ClInclude>
  </ItemGroup>
  <ItemGroup>
    <CustomBuild Include="C:\Users\tyrbu\Documents\Developments\2026\Flutter\Boojy Audio\engine\vst3sdk\public.sdk\samples\vst\multiple_programchanges\CMakeLists.txt" />
  </ItemGroup>
  <ItemGroup>
    <ResourceCompile Include="C:\Users\tyrbu\Documents\Developments\2026\Flutter\Boojy Audio\engine\vst3sdk\public.sdk\samples\vst\multiple_programchanges\resource\info.rc">
      <Filter>Source Files</Filter>
    </ResourceCompile>
  </ItemGroup>
  <ItemGroup>
    <Filter Include="Header Files">
      <UniqueIdentifier>{F5423445-62FC-3D08-BCC4-FA257269F067}</UniqueIdentifier>
    </Filter>
    <Filter Include="Source Files">
      <UniqueIdentifier>{E38566F5-5798-3E9B-B048-23EBEA49AEED}</UniqueIdentifier>
    </Filter>
  </ItemGroup>
</Project>
